
Microsoft Visual Studio Solution File, Format Version 12.00
# Visual Studio 2015
Project("{FAE04EC0-301F-11D3-BF4B-00C04F79EFBC}") = "Hjemmeeksamen_Philippe.CSharp.Plugins", "Hjemmeeksamen_Philippe.CSharp.Plugins.csproj", "{3A7DD396-00C9-0E33-4D9E-117576A03493}"
EndProject
Project("{FAE04EC0-301F-11D3-BF4B-00C04F79EFBC}") = "Hjemmeeksamen_Philippe.CSharp", "Hjemmeeksamen_Philippe.CSharp.csproj", "{789EDB1E-AA22-8474-9DD4-D157C594143E}"
EndProject
Project("{FAE04EC0-301F-11D3-BF4B-00C04F79EFBC}") = "Hjemmeeksamen_Philippe.CSharp.Editor", "Hjemmeeksamen_Philippe.CSharp.Editor.csproj", "{07E70292-752F-2DDB-4EA3-EDA585E55C7F}"
EndProject
Global
	GlobalSection(SolutionConfigurationPlatforms) = preSolution
		Debug|Any CPU = Debug|Any CPU
		Release|Any CPU = Release|Any CPU
	EndGlobalSection
	GlobalSection(ProjectConfigurationPlatforms) = postSolution
		{3A7DD396-00C9-0E33-4D9E-117576A03493}.Debug|Any CPU.ActiveCfg = Debug|Any CPU
		{3A7DD396-00C9-0E33-4D9E-117576A03493}.Debug|Any CPU.Build.0 = Debug|Any CPU
		{3A7DD396-00C9-0E33-4D9E-117576A03493}.Release|Any CPU.ActiveCfg = Release|Any CPU
		{3A7DD396-00C9-0E33-4D9E-117576A03493}.Release|Any CPU.Build.0 = Release|Any CPU
		{789EDB1E-AA22-8474-9DD4-D157C594143E}.Debug|Any CPU.ActiveCfg = Debug|Any CPU
		{789EDB1E-AA22-8474-9DD4-D157C594143E}.Debug|Any CPU.Build.0 = Debug|Any CPU
		{789EDB1E-AA22-8474-9DD4-D157C594143E}.Release|Any CPU.ActiveCfg = Release|Any CPU
		{789EDB1E-AA22-8474-9DD4-D157C594143E}.Release|Any CPU.Build.0 = Release|Any CPU
		{07E70292-752F-2DDB-4EA3-EDA585E55C7F}.Debug|Any CPU.ActiveCfg = Debug|Any CPU
		{07E70292-752F-2DDB-4EA3-EDA585E55C7F}.Debug|Any CPU.Build.0 = Debug|Any CPU
		{07E70292-752F-2DDB-4EA3-EDA585E55C7F}.Release|Any CPU.ActiveCfg = Release|Any CPU
		{07E70292-752F-2DDB-4EA3-EDA585E55C7F}.Release|Any CPU.Build.0 = Release|Any CPU
	EndGlobalSection
	GlobalSection(SolutionProperties) = preSolution
		HideSolutionNode = FALSE
	EndGlobalSection
EndGlobal
